<?xml version="1.0" encoding="utf-8"?>
<Project ToolsVersion="4.0" xmlns="http://schemas.microsoft.com/developer/msbuild/2003">
  <ItemGroup>
    <Filter Include="Resource Files">
      <UniqueIdentifier>{67DA6AB6-F800-4c08-8B7A-83BB121AAD01}</UniqueIdentifier>
      <Extensions>rc;ico;cur;bmp;dlg;rc2;rct;bin;rgs;gif;jpg;jpeg;jpe;resx;tiff;tif;png;wav;mfcribbon-ms</Extensions>
    </Filter>
    <Filter Include="External">
      <UniqueIdentifier>{0535e359-40d5-4a45-8a11-66be084e7792}</UniqueIdentifier>
    </Filter>
    <Filter Include="Engine">
      <UniqueIdentifier>{0eb825c1-f91c-40a4-a58d-ac1b5edacf99}</UniqueIdentifier>
    </Filter>
    <Filter Include="Engine\GL">
      <UniqueIdentifier>{65fa300a-121d-402f-8590-b449ed66c7d2}</UniqueIdentifier>
    </Filter>
    <Filter Include="Engine\DB">
      <UniqueIdentifier>{45a88e41-c55d-4bee-b330-d624c65d5c4d}</UniqueIdentifier>
    </Filter>
    <Filter Include="Engine\GameObjects">
      <UniqueIdentifier>{c8595060-e1d7-437f-b874-8b4b200089d5}</UniqueIdentifier>
    </Filter>
    <Filter Include="Engine\GameObjects\Component">
      <UniqueIdentifier>{71ffff20-a105-4962-950d-0f48129e7405}</UniqueIdentifier>
    </Filter>
    <Filter Include="Engine\GameObjects\Transform">
      <UniqueIdentifier>{7c32ed6f-c0b4-4fe5-ac0f-50770d5228c1}</UniqueIdentifier>
    </Filter>
    <Filter Include="Engine\DB\Mesh">
      <UniqueIdentifier>{bb89592a-8248-4ba6-acce-f1da1d389d57}</UniqueIdentifier>
    </Filter>
    <Filter Include="Engine\Shaders">
      <UniqueIdentifier>{cd818b5b-1a4c-4b25-a5c6-213e9417f28e}</UniqueIdentifier>
    </Filter>
    <Filter Include="Engine\GameObjects\MeshRenderer">
      <UniqueIdentifier>{89272851-f17d-4779-b8b9-c4ae1b81ddb6}</UniqueIdentifier>
    </Filter>
    <Filter Include="Engine\File">
      <UniqueIdentifier>{91b03c0d-57f2-4aff-a93c-e3b09afe3e00}</UniqueIdentifier>
    </Filter>
    <Filter Include="Engine\GameObjects\Scene">
      <UniqueIdentifier>{78333521-d3b0-4fc2-ad12-4a418cf18391}</UniqueIdentifier>
    </Filter>
  </ItemGroup>
  <ItemGroup>
    <ClCompile Include="stb_image.cpp">
      <Filter>External</Filter>
    </ClCompile>
    <ClCompile Include="glad.c">
      <Filter>External</Filter>
    </ClCompile>
    <ClCompile Include="main.cpp">
      <Filter>Engine</Filter>
    </ClCompile>
    <ClCompile Include="GL.cpp">
      <Filter>Engine\GL</Filter>
    </ClCompile>
    <ClCompile Include="DB.cpp">
      <Filter>Engine\DB</Filter>
    </ClCompile>
    <ClCompile Include="GameObject.cpp">
      <Filter>Engine\GameObjects</Filter>
    </ClCompile>
    <ClCompile Include="Component.cpp">
      <Filter>Engine\GameObjects\Component</Filter>
    </ClCompile>
    <ClCompile Include="Transform.cpp">
      <Filter>Engine\GameObjects\Transform</Filter>
    </ClCompile>
    <ClCompile Include="Mesh.cpp">
      <Filter>Engine\DB\Mesh</Filter>
    </ClCompile>
    <ClCompile Include="MeshRenderer.cpp">
      <Filter>Engine\GameObjects\MeshRenderer</Filter>
    </ClCompile>
    <ClCompile Include="File.cpp">
      <Filter>Engine\File</Filter>
    </ClCompile>
    <ClCompile Include="Scene.cpp">
      <Filter>Engine\GameObjects\Scene</Filter>
    </ClCompile>
  </ItemGroup>
  <ItemGroup>
    <ClInclude Include="stb_image.h">
      <Filter>External</Filter>
    </ClInclude>
    <ClInclude Include="GL.h">
      <Filter>Engine\GL</Filter>
    </ClInclude>
    <ClInclude Include="DB.h">
      <Filter>Engine\DB</Filter>
    </ClInclude>
    <ClInclude Include="GameObject.h">
      <Filter>Engine\GameObjects</Filter>
    </ClInclude>
    <ClInclude Include="Component.h">
      <Filter>Engine\GameObjects\Component</Filter>
    </ClInclude>
    <ClInclude Include="Transform.h">
      <Filter>Engine\GameObjects\Transform</Filter>
    </ClInclude>
    <ClInclude Include="Mesh.h">
      <Filter>Engine\DB\Mesh</Filter>
    </ClInclude>
    <ClInclude Include="MeshRenderer.h">
      <Filter>Engine\GameObjects\MeshRenderer</Filter>
    </ClInclude>
    <ClInclude Include="Shader.h">
      <Filter>Engine\GL</Filter>
    </ClInclude>
    <ClInclude Include="File.h">
      <Filter>Engine\File</Filter>
    </ClInclude>
    <ClInclude Include="Scene.h">
      <Filter>Engine\GameObjects\Scene</Filter>
    </ClInclude>
  </ItemGroup>
  <ItemGroup>
    <None Include="vertex.vert">
      <Filter>Engine\Shaders</Filter>
    </None>
    <None Include="fragment.frag">
      <Filter>Engine\Shaders</Filter>
    </None>
  </ItemGroup>
</Project>