<?xml version="1.0" encoding="utf-8"?>
<Project ToolsVersion="4.0" xmlns="http://schemas.microsoft.com/developer/msbuild/2003">
  <ItemGroup>
    <Filter Include="Resource Files">
      <UniqueIdentifier>{67DA6AB6-F800-4c08-8B7A-83BB121AAD01}</UniqueIdentifier>
      <Extensions>rc;ico;cur;bmp;dlg;rc2;rct;bin;rgs;gif;jpg;jpeg;jpe;resx;tiff;tif;png;wav;mfcribbon-ms</Extensions>
    </Filter>
    <Filter Include="External">
      <UniqueIdentifier>{0535e359-40d5-4a45-8a11-66be084e7792}</UniqueIdentifier>
    </Filter>
    <Filter Include="Engine">
      <UniqueIdentifier>{0eb825c1-f91c-40a4-a58d-ac1b5edacf99}</UniqueIdentifier>
    </Filter>
    <Filter Include="Engine\GL">
      <UniqueIdentifier>{65fa300a-121d-402f-8590-b449ed66c7d2}</UniqueIdentifier>
    </Filter>
    <Filter Include="Engine\DB">
      <UniqueIdentifier>{45a88e41-c55d-4bee-b330-d624c65d5c4d}</UniqueIdentifier>
    </Filter>
    <Filter Include="Engine\DB\Mesh">
      <UniqueIdentifier>{bb89592a-8248-4ba6-acce-f1da1d389d57}</UniqueIdentifier>
    </Filter>
    <Filter Include="Engine\Shaders">
      <UniqueIdentifier>{cd818b5b-1a4c-4b25-a5c6-213e9417f28e}</UniqueIdentifier>
    </Filter>
    <Filter Include="Engine\File">
      <UniqueIdentifier>{91b03c0d-57f2-4aff-a93c-e3b09afe3e00}</UniqueIdentifier>
    </Filter>
    <Filter Include="Engine\Serialization">
      <UniqueIdentifier>{efe2221b-3397-40d3-af81-38ae073b05b2}</UniqueIdentifier>
    </Filter>
    <Filter Include="Engine\DB\Material">
      <UniqueIdentifier>{bdb996fd-1fa3-44f5-8b7e-5622cfed24a7}</UniqueIdentifier>
    </Filter>
    <Filter Include="Engine\ECS">
      <UniqueIdentifier>{e55d8f6b-2d52-4ffc-8061-6b3be34a3d6b}</UniqueIdentifier>
    </Filter>
    <Filter Include="Engine\Components">
      <UniqueIdentifier>{b159d940-f15e-4562-9e04-015392806255}</UniqueIdentifier>
    </Filter>
    <Filter Include="Engine\Systems">
      <UniqueIdentifier>{b7b14351-58a0-457a-8b8f-1fb0b0fe511f}</UniqueIdentifier>
    </Filter>
  </ItemGroup>
  <ItemGroup>
    <ClCompile Include="Core\_External\stb_image.cpp">
      <Filter>External</Filter>
    </ClCompile>
    <ClCompile Include="Core\_External\glad.c">
      <Filter>External</Filter>
    </ClCompile>
    <ClCompile Include="main.cpp">
      <Filter>Engine</Filter>
    </ClCompile>
    <ClCompile Include="Core\GL\GL.cpp">
      <Filter>Engine\GL</Filter>
    </ClCompile>
    <ClCompile Include="Core\DB\DB.cpp">
      <Filter>Engine\DB</Filter>
    </ClCompile>
    <ClCompile Include="Core\DB\Model\Mesh.cpp">
      <Filter>Engine\DB\Mesh</Filter>
    </ClCompile>
    <ClCompile Include="Core\File\File.cpp">
      <Filter>Engine\File</Filter>
    </ClCompile>
    <ClCompile Include="Core\DB\Material\Material.cpp">
      <Filter>Engine\DB\Material</Filter>
    </ClCompile>
    <ClCompile Include="Core\Systems\RenderSystem.cpp">
      <Filter>Engine\Systems</Filter>
    </ClCompile>
    <ClCompile Include="Core\DB\Asset.cpp">
      <Filter>Engine</Filter>
    </ClCompile>
    <ClCompile Include="Core\Systems\CameraSystem.cpp" />
    <ClCompile Include="Core\DB\Model\Model.cpp" />
    <ClCompile Include="Core\DB\Shader\Shader.cpp" />
  </ItemGroup>
  <ItemGroup>
    <ClInclude Include="Core\_External\stb_image.h">
      <Filter>External</Filter>
    </ClInclude>
    <ClInclude Include="Core\GL\GL.h">
      <Filter>Engine\GL</Filter>
    </ClInclude>
    <ClInclude Include="Core\DB\DB.h">
      <Filter>Engine\DB</Filter>
    </ClInclude>
    <ClInclude Include="Core\DB\Model\Mesh.h">
      <Filter>Engine\DB\Mesh</Filter>
    </ClInclude>
    <ClInclude Include="Core\File\File.h">
      <Filter>Engine\File</Filter>
    </ClInclude>
    <ClInclude Include="Serialization.h">
      <Filter>Engine\Serialization</Filter>
    </ClInclude>
    <ClInclude Include="Core\DB\Material\Material.h">
      <Filter>Engine\DB\Material</Filter>
    </ClInclude>
    <ClInclude Include="Core\DB\Shader\Shader.h">
      <Filter>Engine\DB</Filter>
    </ClInclude>
    <ClInclude Include="Core\ECS\Coordinator.h">
      <Filter>Engine\ECS</Filter>
    </ClInclude>
    <ClInclude Include="Core\Components\Transform.h">
      <Filter>Engine\Components</Filter>
    </ClInclude>
    <ClInclude Include="Core\Components\MeshRenderer.h">
      <Filter>Engine\Components</Filter>
    </ClInclude>
    <ClInclude Include="Core\Systems\RenderSystem.h">
      <Filter>Engine\Systems</Filter>
    </ClInclude>
    <ClInclude Include="Core\DB\Asset.h">
      <Filter>Engine</Filter>
    </ClInclude>
    <ClInclude Include="Core\ECS\EntityManager.h">
      <Filter>Engine\ECS</Filter>
    </ClInclude>
    <ClInclude Include="Core\ECS\ECS_Types.h">
      <Filter>Engine\ECS</Filter>
    </ClInclude>
    <ClInclude Include="Core\ECS\ComponentArray.h" />
    <ClInclude Include="Core\ECS\ComponentManager.h" />
    <ClInclude Include="Core\ECS\SystemManager.h" />
    <ClInclude Include="Core\BarebonesEngine.h" />
    <ClInclude Include="Core\Components\Camera.h" />
    <ClInclude Include="Core\Systems\CameraSystem.h" />
    <ClInclude Include="Core\DB\Model\Model.h" />
    <ClInclude Include="Core\Systems\TransformSystem.h" />
  </ItemGroup>
  <ItemGroup>
    <None Include="Core\Shaders\vertex.vert">
      <Filter>Engine\Shaders</Filter>
    </None>
    <None Include="Core\Shaders\fragment.frag">
      <Filter>Engine\Shaders</Filter>
    </None>
    <None Include="Core\Assets\Models\Cube.fbx" />
  </ItemGroup>
</Project>